{
  "name": "projetsorteio",
  "version": "1.0.0",
  "lockfileVersion": 1,
  "requires": true,
  "dependencies": {
    "@types/google-apps-script": {
      "version": "1.0.20",
      "resolved": "https://registry.npmjs.org/@types/google-apps-script/-/google-apps-script-1.0.20.tgz",
      "integrity": "sha512-fFhz4RXlOttCEBheu7BWyNkdS+O9wx5Aa7d/ygD2SE+aA8S/G7ZhzDJx0h3JS+T5WvrrDpv6E3TPm1vtbx+XLw=="
    }
  }
}
